github.com/tdewolff/minify v2.3.6+incompatible h1:2hw5/9ZvxhWLvBUnHE06gElGYz+Jv9R4Eys0XUzItYo=
github.com/tdewolff/minify v2.3.6+incompatible/go.mod h1:9Ov578KJUmAWpS6NeZwRZyT56Uf6o3Mcz9CEsg8USYs=
github.com/tdewolff/minify/v2 v2.22.2 h1:hmCiEy0XJ5+w9Gytoys3xyULxp46vxufXLwp3m2Nzds=
github.com/tdewolff/minify/v2 v2.22.2/go.mod h1:K/R8TT7aivpcU8QCNUU1UdR6etfnFPr7L11TO/X7shk=
github.com/tdewolff/parse v2.3.4+incompatible h1:x05/cnGwIMf4ceLuDMBOdQ1qGniMoxpP46ghf0Qzh38=
github.com/tdewolff/parse v2.3.4+incompatible/go.mod h1:8oBwCsVmUkgHO8M5iCzSIDtpzXOT0WXX9cWhz+bIzJQ=
github.com/tdewolff/parse/v2 v2.7.21 h1:OCuPFtGr4mXdnfKikQlUb0n654ROJANhBqCk+wioJ/A=
github.com/tdewolff/parse/v2 v2.7.21/go.mod h1:I7TXO37t3aSG9SlPUBefAhgIF8nt7yYUwVGgETIoBcA=
github.com/tdewolff/test v1.0.11 h1:FdLbwQVHxqG16SlkGveC0JVyrJN62COWTRyUFzfbtBE=
github.com/tdewolff/test v1.0.11/go.mod h1:XPuWBzvdUzhCuxWO1ojpXsyzsA5bFoS3tO/Q3kFuTG8=
